// !$*UTF8*$!
{
	archiveVersion = 1;
	classes = {
	};
	objectVersion = 56;
	objects = {

/* Begin PBXBuildFile section */
		D00A4DA42BB323530021E800 /* UIImage+extension.swift in Sources */ = {isa = PBXBuildFile; fileRef = D00A4DA32BB323530021E800 /* UIImage+extension.swift */; };
		D00A4DA62BB7358E0021E800 /* BarcodeReaderViewController.swift in Sources */ = {isa = PBXBuildFile; fileRef = D00A4DA52BB7358E0021E800 /* BarcodeReaderViewController.swift */; };
		D057AD722B9F4DA600D929FD /* Launch Screen.storyboard in Resources */ = {isa = PBXBuildFile; fileRef = D057AD712B9F4DA600D929FD /* Launch Screen.storyboard */; };
		D069E6B02B971844001B0BE0 /* AppDelegate.swift in Sources */ = {isa = PBXBuildFile; fileRef = D069E6AF2B971844001B0BE0 /* AppDelegate.swift */; };
		D069E6B22B971844001B0BE0 /* SceneDelegate.swift in Sources */ = {isa = PBXBuildFile; fileRef = D069E6B12B971844001B0BE0 /* SceneDelegate.swift */; };
		D069E6B42B971844001B0BE0 /* MainViewController.swift in Sources */ = {isa = PBXBuildFile; fileRef = D069E6B32B971844001B0BE0 /* MainViewController.swift */; };
		D069E6BC2B971847001B0BE0 /* Assets.xcassets in Resources */ = {isa = PBXBuildFile; fileRef = D069E6BB2B971847001B0BE0 /* Assets.xcassets */; };
		D069E6CA2B971847001B0BE0 /* HonnaengTests.swift in Sources */ = {isa = PBXBuildFile; fileRef = D069E6C92B971847001B0BE0 /* HonnaengTests.swift */; };
		D069E6D42B971847001B0BE0 /* HonnaengUITests.swift in Sources */ = {isa = PBXBuildFile; fileRef = D069E6D32B971847001B0BE0 /* HonnaengUITests.swift */; };
		D069E6D62B971847001B0BE0 /* HonnaengUITestsLaunchTests.swift in Sources */ = {isa = PBXBuildFile; fileRef = D069E6D52B971847001B0BE0 /* HonnaengUITestsLaunchTests.swift */; };
		D069E6E62B971EEF001B0BE0 /* Honnaeng.xcdatamodeld in Sources */ = {isa = PBXBuildFile; fileRef = D069E6E42B971EEF001B0BE0 /* Honnaeng.xcdatamodeld */; };
		D069E6E92B971FC4001B0BE0 /* Colors.xcassets in Resources */ = {isa = PBXBuildFile; fileRef = D069E6E82B971FC4001B0BE0 /* Colors.xcassets */; };
		D07F1EB02BB74F0B00ACDE77 /* OpenFoodAPI.swift in Sources */ = {isa = PBXBuildFile; fileRef = D07F1EAF2BB74F0B00ACDE77 /* OpenFoodAPI.swift */; };
		D07F1EB32BB7537500ACDE77 /* .gitignore in Resources */ = {isa = PBXBuildFile; fileRef = D07F1EB22BB7537500ACDE77 /* .gitignore */; };
		D07F1EB52BB753D900ACDE77 /* Bundle.swift in Sources */ = {isa = PBXBuildFile; fileRef = D07F1EB42BB753D900ACDE77 /* Bundle.swift */; };
		D07F1F582BBBA3B300ACDE77 /* StorageMO+CoreDataClass.swift in Sources */ = {isa = PBXBuildFile; fileRef = D07F1F542BBBA3B300ACDE77 /* StorageMO+CoreDataClass.swift */; };
		D07F1F592BBBA3B300ACDE77 /* StorageMO+CoreDataProperties.swift in Sources */ = {isa = PBXBuildFile; fileRef = D07F1F552BBBA3B300ACDE77 /* StorageMO+CoreDataProperties.swift */; };
		D07F1F5A2BBBA3B300ACDE77 /* FoodMO+CoreDataClass.swift in Sources */ = {isa = PBXBuildFile; fileRef = D07F1F562BBBA3B300ACDE77 /* FoodMO+CoreDataClass.swift */; };
		D07F1F5B2BBBA3B300ACDE77 /* FoodMO+CoreDataProperties.swift in Sources */ = {isa = PBXBuildFile; fileRef = D07F1F572BBBA3B300ACDE77 /* FoodMO+CoreDataProperties.swift */; };
		D07F1F5D2BBBA8F100ACDE77 /* ImageFileManager.swift in Sources */ = {isa = PBXBuildFile; fileRef = D07F1F5C2BBBA8F100ACDE77 /* ImageFileManager.swift */; };
		D07F1F5F2BBBEEB900ACDE77 /* FoodDetailPageMode.swift in Sources */ = {isa = PBXBuildFile; fileRef = D07F1F5E2BBBEEB900ACDE77 /* FoodDetailPageMode.swift */; };
		D08ACE002BA44E59005D8110 /* FoodData.swift in Sources */ = {isa = PBXBuildFile; fileRef = D08ACDFF2BA44E59005D8110 /* FoodData.swift */; };
		D08ACE022BA44E90005D8110 /* FoodGroup.swift in Sources */ = {isa = PBXBuildFile; fileRef = D08ACE012BA44E90005D8110 /* FoodGroup.swift */; };
		D08ACE042BA45064005D8110 /* FoodUnit.swift in Sources */ = {isa = PBXBuildFile; fileRef = D08ACE032BA45064005D8110 /* FoodUnit.swift */; };
		D08ACE062BA49F18005D8110 /* FoodCell.swift in Sources */ = {isa = PBXBuildFile; fileRef = D08ACE052BA49F18005D8110 /* FoodCell.swift */; };
		D08ACE0C2BA4A4F8005D8110 /* Font.swift in Sources */ = {isa = PBXBuildFile; fileRef = D08ACE0B2BA4A4F7005D8110 /* Font.swift */; };
		D08ACE0F2BA4A6DE005D8110 /* NotoSans-ExtraBold.ttf in Resources */ = {isa = PBXBuildFile; fileRef = D08ACE0D2BA4A6DE005D8110 /* NotoSans-ExtraBold.ttf */; };
		D08ACE102BA4A6DE005D8110 /* NotoSans-Medium.ttf in Resources */ = {isa = PBXBuildFile; fileRef = D08ACE0E2BA4A6DE005D8110 /* NotoSans-Medium.ttf */; };
		D08ACE122BA4B06D005D8110 /* StorageType.swift in Sources */ = {isa = PBXBuildFile; fileRef = D08ACE112BA4B06D005D8110 /* StorageType.swift */; };
		D08ACE142BA7E66E005D8110 /* MainViewModel.swift in Sources */ = {isa = PBXBuildFile; fileRef = D08ACE132BA7E66E005D8110 /* MainViewModel.swift */; };
		D08ACE182BA7F0B8005D8110 /* FoodDetailViewController.swift in Sources */ = {isa = PBXBuildFile; fileRef = D08ACE172BA7F0B8005D8110 /* FoodDetailViewController.swift */; };
		D08ACE1A2BAC77A8005D8110 /* ListSortType.swift in Sources */ = {isa = PBXBuildFile; fileRef = D08ACE192BAC77A8005D8110 /* ListSortType.swift */; };
		D08ACE232BAD7DEA005D8110 /* StorageListTableViewController.swift in Sources */ = {isa = PBXBuildFile; fileRef = D08ACE222BAD7DEA005D8110 /* StorageListTableViewController.swift */; };
		D08ACE252BB0552A005D8110 /* PickerPopupViewController.swift in Sources */ = {isa = PBXBuildFile; fileRef = D08ACE242BB0552A005D8110 /* PickerPopupViewController.swift */; };
		D08ACE302BB17F47005D8110 /* CoreDataManager.swift in Sources */ = {isa = PBXBuildFile; fileRef = D08ACE2F2BB17F47005D8110 /* CoreDataManager.swift */; };
/* End PBXBuildFile section */

/* Begin PBXContainerItemProxy section */
		D069E6C62B971847001B0BE0 /* PBXContainerItemProxy */ = {
			isa = PBXContainerItemProxy;
			containerPortal = D069E6A42B971844001B0BE0 /* Project object */;
			proxyType = 1;
			remoteGlobalIDString = D069E6AB2B971844001B0BE0;
			remoteInfo = Honnaeng;
		};
		D069E6D02B971847001B0BE0 /* PBXContainerItemProxy */ = {
			isa = PBXContainerItemProxy;
			containerPortal = D069E6A42B971844001B0BE0 /* Project object */;
			proxyType = 1;
			remoteGlobalIDString = D069E6AB2B971844001B0BE0;
			remoteInfo = Honnaeng;
		};
/* End PBXContainerItemProxy section */

/* Begin PBXFileReference section */
		D00A4DA32BB323530021E800 /* UIImage+extension.swift */ = {isa = PBXFileReference; lastKnownFileType = sourcecode.swift; path = "UIImage+extension.swift"; sourceTree = "<group>"; };
		D00A4DA52BB7358E0021E800 /* BarcodeReaderViewController.swift */ = {isa = PBXFileReference; lastKnownFileType = sourcecode.swift; path = BarcodeReaderViewController.swift; sourceTree = "<group>"; };
		D057AD712B9F4DA600D929FD /* Launch Screen.storyboard */ = {isa = PBXFileReference; lastKnownFileType = file.storyboard; path = "Launch Screen.storyboard"; sourceTree = "<group>"; };
		D069E6AC2B971844001B0BE0 /* Honnaeng.app */ = {isa = PBXFileReference; explicitFileType = wrapper.application; includeInIndex = 0; path = Honnaeng.app; sourceTree = BUILT_PRODUCTS_DIR; };
		D069E6AF2B971844001B0BE0 /* AppDelegate.swift */ = {isa = PBXFileReference; lastKnownFileType = sourcecode.swift; path = AppDelegate.swift; sourceTree = "<group>"; };
		D069E6B12B971844001B0BE0 /* SceneDelegate.swift */ = {isa = PBXFileReference; lastKnownFileType = sourcecode.swift; path = SceneDelegate.swift; sourceTree = "<group>"; };
		D069E6B32B971844001B0BE0 /* MainViewController.swift */ = {isa = PBXFileReference; lastKnownFileType = sourcecode.swift; path = MainViewController.swift; sourceTree = "<group>"; };
		D069E6BB2B971847001B0BE0 /* Assets.xcassets */ = {isa = PBXFileReference; lastKnownFileType = folder.assetcatalog; path = Assets.xcassets; sourceTree = "<group>"; };
		D069E6C02B971847001B0BE0 /* Info.plist */ = {isa = PBXFileReference; lastKnownFileType = text.plist.xml; path = Info.plist; sourceTree = "<group>"; };
		D069E6C52B971847001B0BE0 /* HonnaengTests.xctest */ = {isa = PBXFileReference; explicitFileType = wrapper.cfbundle; includeInIndex = 0; path = HonnaengTests.xctest; sourceTree = BUILT_PRODUCTS_DIR; };
		D069E6C92B971847001B0BE0 /* HonnaengTests.swift */ = {isa = PBXFileReference; lastKnownFileType = sourcecode.swift; path = HonnaengTests.swift; sourceTree = "<group>"; };
		D069E6CF2B971847001B0BE0 /* HonnaengUITests.xctest */ = {isa = PBXFileReference; explicitFileType = wrapper.cfbundle; includeInIndex = 0; path = HonnaengUITests.xctest; sourceTree = BUILT_PRODUCTS_DIR; };
		D069E6D32B971847001B0BE0 /* HonnaengUITests.swift */ = {isa = PBXFileReference; lastKnownFileType = sourcecode.swift; path = HonnaengUITests.swift; sourceTree = "<group>"; };
		D069E6D52B971847001B0BE0 /* HonnaengUITestsLaunchTests.swift */ = {isa = PBXFileReference; lastKnownFileType = sourcecode.swift; path = HonnaengUITestsLaunchTests.swift; sourceTree = "<group>"; };
		D069E6E52B971EEF001B0BE0 /* Honnaeng.xcdatamodel */ = {isa = PBXFileReference; lastKnownFileType = wrapper.xcdatamodel; path = Honnaeng.xcdatamodel; sourceTree = "<group>"; };
		D069E6E82B971FC4001B0BE0 /* Colors.xcassets */ = {isa = PBXFileReference; lastKnownFileType = folder.assetcatalog; path = Colors.xcassets; sourceTree = "<group>"; };
		D07F1EAF2BB74F0B00ACDE77 /* OpenFoodAPI.swift */ = {isa = PBXFileReference; lastKnownFileType = sourcecode.swift; path = OpenFoodAPI.swift; sourceTree = "<group>"; };
		D07F1EB12BB7526D00ACDE77 /* Secrets.xcconfig */ = {isa = PBXFileReference; lastKnownFileType = text.xcconfig; path = Secrets.xcconfig; sourceTree = "<group>"; };
		D07F1EB22BB7537500ACDE77 /* .gitignore */ = {isa = PBXFileReference; lastKnownFileType = text; path = .gitignore; sourceTree = "<group>"; };
		D07F1EB42BB753D900ACDE77 /* Bundle.swift */ = {isa = PBXFileReference; lastKnownFileType = sourcecode.swift; path = Bundle.swift; sourceTree = "<group>"; };
		D07F1F542BBBA3B300ACDE77 /* StorageMO+CoreDataClass.swift */ = {isa = PBXFileReference; lastKnownFileType = sourcecode.swift; name = "StorageMO+CoreDataClass.swift"; path = "../../StorageMO+CoreDataClass.swift"; sourceTree = "<group>"; };
		D07F1F552BBBA3B300ACDE77 /* StorageMO+CoreDataProperties.swift */ = {isa = PBXFileReference; lastKnownFileType = sourcecode.swift; path = "StorageMO+CoreDataProperties.swift"; sourceTree = "<group>"; };
		D07F1F562BBBA3B300ACDE77 /* FoodMO+CoreDataClass.swift */ = {isa = PBXFileReference; lastKnownFileType = sourcecode.swift; name = "FoodMO+CoreDataClass.swift"; path = "../../FoodMO+CoreDataClass.swift"; sourceTree = "<group>"; };
		D07F1F572BBBA3B300ACDE77 /* FoodMO+CoreDataProperties.swift */ = {isa = PBXFileReference; lastKnownFileType = sourcecode.swift; path = "FoodMO+CoreDataProperties.swift"; sourceTree = "<group>"; };
		D07F1F5C2BBBA8F100ACDE77 /* ImageFileManager.swift */ = {isa = PBXFileReference; lastKnownFileType = sourcecode.swift; path = ImageFileManager.swift; sourceTree = "<group>"; };
		D07F1F5E2BBBEEB900ACDE77 /* FoodDetailPageMode.swift */ = {isa = PBXFileReference; lastKnownFileType = sourcecode.swift; path = FoodDetailPageMode.swift; sourceTree = "<group>"; };
		D08ACDFF2BA44E59005D8110 /* FoodData.swift */ = {isa = PBXFileReference; lastKnownFileType = sourcecode.swift; path = FoodData.swift; sourceTree = "<group>"; };
		D08ACE012BA44E90005D8110 /* FoodGroup.swift */ = {isa = PBXFileReference; lastKnownFileType = sourcecode.swift; name = FoodGroup.swift; path = ../../../../../../../Documents/FoodGroup.swift; sourceTree = "<group>"; };
		D08ACE032BA45064005D8110 /* FoodUnit.swift */ = {isa = PBXFileReference; lastKnownFileType = sourcecode.swift; path = FoodUnit.swift; sourceTree = "<group>"; };
		D08ACE052BA49F18005D8110 /* FoodCell.swift */ = {isa = PBXFileReference; lastKnownFileType = sourcecode.swift; path = FoodCell.swift; sourceTree = "<group>"; };
		D08ACE0B2BA4A4F7005D8110 /* Font.swift */ = {isa = PBXFileReference; lastKnownFileType = sourcecode.swift; path = Font.swift; sourceTree = "<group>"; };
		D08ACE0D2BA4A6DE005D8110 /* NotoSans-ExtraBold.ttf */ = {isa = PBXFileReference; lastKnownFileType = file; path = "NotoSans-ExtraBold.ttf"; sourceTree = "<group>"; };
		D08ACE0E2BA4A6DE005D8110 /* NotoSans-Medium.ttf */ = {isa = PBXFileReference; lastKnownFileType = file; path = "NotoSans-Medium.ttf"; sourceTree = "<group>"; };
		D08ACE112BA4B06D005D8110 /* StorageType.swift */ = {isa = PBXFileReference; lastKnownFileType = sourcecode.swift; path = StorageType.swift; sourceTree = "<group>"; };
		D08ACE132BA7E66E005D8110 /* MainViewModel.swift */ = {isa = PBXFileReference; lastKnownFileType = sourcecode.swift; path = MainViewModel.swift; sourceTree = "<group>"; };
		D08ACE172BA7F0B8005D8110 /* FoodDetailViewController.swift */ = {isa = PBXFileReference; lastKnownFileType = sourcecode.swift; path = FoodDetailViewController.swift; sourceTree = "<group>"; };
		D08ACE192BAC77A8005D8110 /* ListSortType.swift */ = {isa = PBXFileReference; lastKnownFileType = sourcecode.swift; path = ListSortType.swift; sourceTree = "<group>"; };
		D08ACE1C2BAC781B005D8110 /* FoodGroup.swift */ = {isa = PBXFileReference; lastKnownFileType = sourcecode.swift; path = FoodGroup.swift; sourceTree = "<group>"; };
		D08ACE222BAD7DEA005D8110 /* StorageListTableViewController.swift */ = {isa = PBXFileReference; lastKnownFileType = sourcecode.swift; path = StorageListTableViewController.swift; sourceTree = "<group>"; };
		D08ACE242BB0552A005D8110 /* PickerPopupViewController.swift */ = {isa = PBXFileReference; lastKnownFileType = sourcecode.swift; path = PickerPopupViewController.swift; sourceTree = "<group>"; };
		D08ACE2F2BB17F47005D8110 /* CoreDataManager.swift */ = {isa = PBXFileReference; lastKnownFileType = sourcecode.swift; path = CoreDataManager.swift; sourceTree = "<group>"; };
/* End PBXFileReference section */

/* Begin PBXFrameworksBuildPhase section */
		D069E6A92B971844001B0BE0 /* Frameworks */ = {
			isa = PBXFrameworksBuildPhase;
			buildActionMask = 2147483647;
			files = (
			);
			runOnlyForDeploymentPostprocessing = 0;
		};
		D069E6C22B971847001B0BE0 /* Frameworks */ = {
			isa = PBXFrameworksBuildPhase;
			buildActionMask = 2147483647;
			files = (
			);
			runOnlyForDeploymentPostprocessing = 0;
		};
		D069E6CC2B971847001B0BE0 /* Frameworks */ = {
			isa = PBXFrameworksBuildPhase;
			buildActionMask = 2147483647;
			files = (
			);
			runOnlyForDeploymentPostprocessing = 0;
		};
/* End PBXFrameworksBuildPhase section */

/* Begin PBXGroup section */
		D057AD702B9ED26000D929FD /* Launch */ = {
			isa = PBXGroup;
			children = (
				D057AD712B9F4DA600D929FD /* Launch Screen.storyboard */,
			);
			path = Launch;
			sourceTree = "<group>";
		};
		D069E6A32B971844001B0BE0 = {
			isa = PBXGroup;
			children = (
				D07F1EB22BB7537500ACDE77 /* .gitignore */,
				D069E6AE2B971844001B0BE0 /* Honnaeng */,
				D069E6D22B971847001B0BE0 /* HonnaengUITests */,
				D069E6AD2B971844001B0BE0 /* Products */,
			);
			sourceTree = "<group>";
		};
		D069E6AD2B971844001B0BE0 /* Products */ = {
			isa = PBXGroup;
			children = (
				D069E6AC2B971844001B0BE0 /* Honnaeng.app */,
				D069E6C52B971847001B0BE0 /* HonnaengTests.xctest */,
				D069E6CF2B971847001B0BE0 /* HonnaengUITests.xctest */,
			);
			name = Products;
			sourceTree = "<group>";
		};
		D069E6AE2B971844001B0BE0 /* Honnaeng */ = {
			isa = PBXGroup;
			children = (
				D069E6C82B971847001B0BE0 /* HonnaengTests */,
				D069E6E22B97185D001B0BE0 /* Application */,
				D08ACDFB2BA420D5005D8110 /* Main */,
				D057AD702B9ED26000D929FD /* Launch */,
				D08ACE0A2BA4A4E0005D8110 /* Constatnt */,
				D069E6E32B971E6A001B0BE0 /* Resource */,
				D07F1F3D2BBA6C0900ACDE77 /* Common */,
				D069E6E72B971F22001B0BE0 /* CoreData */,
				D08ACE2E2BB17EE5005D8110 /* CoreDataManager */,
			);
			path = Honnaeng;
			sourceTree = "<group>";
		};
		D069E6C82B971847001B0BE0 /* HonnaengTests */ = {
			isa = PBXGroup;
			children = (
				D069E6C92B971847001B0BE0 /* HonnaengTests.swift */,
			);
			path = HonnaengTests;
			sourceTree = "<group>";
		};
		D069E6D22B971847001B0BE0 /* HonnaengUITests */ = {
			isa = PBXGroup;
			children = (
				D069E6D32B971847001B0BE0 /* HonnaengUITests.swift */,
				D069E6D52B971847001B0BE0 /* HonnaengUITestsLaunchTests.swift */,
			);
			path = HonnaengUITests;
			sourceTree = "<group>";
		};
		D069E6E22B97185D001B0BE0 /* Application */ = {
			isa = PBXGroup;
			children = (
				D069E6AF2B971844001B0BE0 /* AppDelegate.swift */,
				D069E6B12B971844001B0BE0 /* SceneDelegate.swift */,
			);
			path = Application;
			sourceTree = "<group>";
		};
		D069E6E32B971E6A001B0BE0 /* Resource */ = {
			isa = PBXGroup;
			children = (
				D08ACE092BA4A463005D8110 /* Fonts */,
				D069E6BB2B971847001B0BE0 /* Assets.xcassets */,
				D069E6E82B971FC4001B0BE0 /* Colors.xcassets */,
				D069E6C02B971847001B0BE0 /* Info.plist */,
				D07F1EB12BB7526D00ACDE77 /* Secrets.xcconfig */,
			);
			path = Resource;
			sourceTree = "<group>";
		};
		D069E6E72B971F22001B0BE0 /* CoreData */ = {
			isa = PBXGroup;
			children = (
				D069E6E42B971EEF001B0BE0 /* Honnaeng.xcdatamodeld */,
				D07F1F542BBBA3B300ACDE77 /* StorageMO+CoreDataClass.swift */,
				D07F1F552BBBA3B300ACDE77 /* StorageMO+CoreDataProperties.swift */,
				D07F1F562BBBA3B300ACDE77 /* FoodMO+CoreDataClass.swift */,
				D07F1F572BBBA3B300ACDE77 /* FoodMO+CoreDataProperties.swift */,
			);
			path = CoreData;
			sourceTree = "<group>";
		};
		D07F1F3C2BB867F600ACDE77 /* DTO */ = {
			isa = PBXGroup;
			children = (
				D07F1EAF2BB74F0B00ACDE77 /* OpenFoodAPI.swift */,
			);
			path = DTO;
			sourceTree = "<group>";
		};
		D07F1F3D2BBA6C0900ACDE77 /* Common */ = {
			isa = PBXGroup;
			children = (
				D07F1F5C2BBBA8F100ACDE77 /* ImageFileManager.swift */,
			);
			path = Common;
			sourceTree = "<group>";
		};
		D08ACDFB2BA420D5005D8110 /* Main */ = {
			isa = PBXGroup;
			children = (
				D08ACE1B2BAC7813005D8110 /* Enum */,
				D08ACDFE2BA44E51005D8110 /* Model */,
				D08ACE1F2BACBD66005D8110 /* Controller */,
				D08ACE202BACBD89005D8110 /* ViewModel */,
				D08ACE212BACBD95005D8110 /* View */,
			);
			path = Main;
			sourceTree = "<group>";
		};
		D08ACDFE2BA44E51005D8110 /* Model */ = {
			isa = PBXGroup;
			children = (
				D07F1F3C2BB867F600ACDE77 /* DTO */,
				D08ACDFF2BA44E59005D8110 /* FoodData.swift */,
				D08ACE012BA44E90005D8110 /* FoodGroup.swift */,
			);
			path = Model;
			sourceTree = "<group>";
		};
		D08ACE092BA4A463005D8110 /* Fonts */ = {
			isa = PBXGroup;
			children = (
				D08ACE0D2BA4A6DE005D8110 /* NotoSans-ExtraBold.ttf */,
				D08ACE0E2BA4A6DE005D8110 /* NotoSans-Medium.ttf */,
			);
			path = Fonts;
			sourceTree = "<group>";
		};
		D08ACE0A2BA4A4E0005D8110 /* Constatnt */ = {
			isa = PBXGroup;
			children = (
				D08ACE0B2BA4A4F7005D8110 /* Font.swift */,
				D08ACE242BB0552A005D8110 /* PickerPopupViewController.swift */,
				D00A4DA32BB323530021E800 /* UIImage+extension.swift */,
				D07F1EB42BB753D900ACDE77 /* Bundle.swift */,
			);
			path = Constatnt;
			sourceTree = "<group>";
		};
		D08ACE1B2BAC7813005D8110 /* Enum */ = {
			isa = PBXGroup;
			children = (
				D08ACE1C2BAC781B005D8110 /* FoodGroup.swift */,
				D08ACE032BA45064005D8110 /* FoodUnit.swift */,
				D08ACE112BA4B06D005D8110 /* StorageType.swift */,
				D08ACE192BAC77A8005D8110 /* ListSortType.swift */,
				D07F1F5E2BBBEEB900ACDE77 /* FoodDetailPageMode.swift */,
			);
			path = Enum;
			sourceTree = "<group>";
		};
		D08ACE1F2BACBD66005D8110 /* Controller */ = {
			isa = PBXGroup;
			children = (
				D069E6B32B971844001B0BE0 /* MainViewController.swift */,
				D08ACE172BA7F0B8005D8110 /* FoodDetailViewController.swift */,
				D08ACE222BAD7DEA005D8110 /* StorageListTableViewController.swift */,
				D00A4DA52BB7358E0021E800 /* BarcodeReaderViewController.swift */,
			);
			path = Controller;
			sourceTree = "<group>";
		};
		D08ACE202BACBD89005D8110 /* ViewModel */ = {
			isa = PBXGroup;
			children = (
				D08ACE132BA7E66E005D8110 /* MainViewModel.swift */,
			);
			path = ViewModel;
			sourceTree = "<group>";
		};
		D08ACE212BACBD95005D8110 /* View */ = {
			isa = PBXGroup;
			children = (
				D08ACE052BA49F18005D8110 /* FoodCell.swift */,
			);
			path = View;
			sourceTree = "<group>";
		};
		D08ACE2E2BB17EE5005D8110 /* CoreDataManager */ = {
			isa = PBXGroup;
			children = (
				D08ACE2F2BB17F47005D8110 /* CoreDataManager.swift */,
			);
			path = CoreDataManager;
			sourceTree = "<group>";
		};
/* End PBXGroup section */

/* Begin PBXNativeTarget section */
		D069E6AB2B971844001B0BE0 /* Honnaeng */ = {
			isa = PBXNativeTarget;
			buildConfigurationList = D069E6D92B971847001B0BE0 /* Build configuration list for PBXNativeTarget "Honnaeng" */;
			buildPhases = (
				D069E6A82B971844001B0BE0 /* Sources */,
				D069E6A92B971844001B0BE0 /* Frameworks */,
				D069E6AA2B971844001B0BE0 /* Resources */,
			);
			buildRules = (
			);
			dependencies = (
			);
			name = Honnaeng;
			productName = Honnaeng;
			productReference = D069E6AC2B971844001B0BE0 /* Honnaeng.app */;
			productType = "com.apple.product-type.application";
		};
		D069E6C42B971847001B0BE0 /* HonnaengTests */ = {
			isa = PBXNativeTarget;
			buildConfigurationList = D069E6DC2B971847001B0BE0 /* Build configuration list for PBXNativeTarget "HonnaengTests" */;
			buildPhases = (
				D069E6C12B971847001B0BE0 /* Sources */,
				D069E6C22B971847001B0BE0 /* Frameworks */,
				D069E6C32B971847001B0BE0 /* Resources */,
			);
			buildRules = (
			);
			dependencies = (
				D069E6C72B971847001B0BE0 /* PBXTargetDependency */,
			);
			name = HonnaengTests;
			productName = HonnaengTests;
			productReference = D069E6C52B971847001B0BE0 /* HonnaengTests.xctest */;
			productType = "com.apple.product-type.bundle.unit-test";
		};
		D069E6CE2B971847001B0BE0 /* HonnaengUITests */ = {
			isa = PBXNativeTarget;
			buildConfigurationList = D069E6DF2B971847001B0BE0 /* Build configuration list for PBXNativeTarget "HonnaengUITests" */;
			buildPhases = (
				D069E6CB2B971847001B0BE0 /* Sources */,
				D069E6CC2B971847001B0BE0 /* Frameworks */,
				D069E6CD2B971847001B0BE0 /* Resources */,
			);
			buildRules = (
			);
			dependencies = (
				D069E6D12B971847001B0BE0 /* PBXTargetDependency */,
			);
			name = HonnaengUITests;
			productName = HonnaengUITests;
			productReference = D069E6CF2B971847001B0BE0 /* HonnaengUITests.xctest */;
			productType = "com.apple.product-type.bundle.ui-testing";
		};
/* End PBXNativeTarget section */

/* Begin PBXProject section */
		D069E6A42B971844001B0BE0 /* Project object */ = {
			isa = PBXProject;
			attributes = {
				BuildIndependentTargetsInParallel = 1;
				LastSwiftUpdateCheck = 1430;
				LastUpgradeCheck = 1430;
				TargetAttributes = {
					D069E6AB2B971844001B0BE0 = {
						CreatedOnToolsVersion = 14.3.1;
					};
					D069E6C42B971847001B0BE0 = {
						CreatedOnToolsVersion = 14.3.1;
						TestTargetID = D069E6AB2B971844001B0BE0;
					};
					D069E6CE2B971847001B0BE0 = {
						CreatedOnToolsVersion = 14.3.1;
						TestTargetID = D069E6AB2B971844001B0BE0;
					};
				};
			};
			buildConfigurationList = D069E6A72B971844001B0BE0 /* Build configuration list for PBXProject "Honnaeng" */;
			compatibilityVersion = "Xcode 14.0";
			developmentRegion = en;
			hasScannedForEncodings = 0;
			knownRegions = (
				en,
				Base,
			);
			mainGroup = D069E6A32B971844001B0BE0;
			productRefGroup = D069E6AD2B971844001B0BE0 /* Products */;
			projectDirPath = "";
			projectRoot = "";
			targets = (
				D069E6AB2B971844001B0BE0 /* Honnaeng */,
				D069E6C42B971847001B0BE0 /* HonnaengTests */,
				D069E6CE2B971847001B0BE0 /* HonnaengUITests */,
			);
		};
/* End PBXProject section */

/* Begin PBXResourcesBuildPhase section */
		D069E6AA2B971844001B0BE0 /* Resources */ = {
			isa = PBXResourcesBuildPhase;
			buildActionMask = 2147483647;
			files = (
				D057AD722B9F4DA600D929FD /* Launch Screen.storyboard in Resources */,
				D08ACE0F2BA4A6DE005D8110 /* NotoSans-ExtraBold.ttf in Resources */,
				D069E6BC2B971847001B0BE0 /* Assets.xcassets in Resources */,
				D069E6E92B971FC4001B0BE0 /* Colors.xcassets in Resources */,
				D07F1EB32BB7537500ACDE77 /* .gitignore in Resources */,
				D08ACE102BA4A6DE005D8110 /* NotoSans-Medium.ttf in Resources */,
			);
			runOnlyForDeploymentPostprocessing = 0;
		};
		D069E6C32B971847001B0BE0 /* Resources */ = {
			isa = PBXResourcesBuildPhase;
			buildActionMask = 2147483647;
			files = (
			);
			runOnlyForDeploymentPostprocessing = 0;
		};
		D069E6CD2B971847001B0BE0 /* Resources */ = {
			isa = PBXResourcesBuildPhase;
			buildActionMask = 2147483647;
			files = (
			);
			runOnlyForDeploymentPostprocessing = 0;
		};
/* End PBXResourcesBuildPhase section */

/* Begin PBXSourcesBuildPhase section */
		D069E6A82B971844001B0BE0 /* Sources */ = {
			isa = PBXSourcesBuildPhase;
			buildActionMask = 2147483647;
			files = (
				D069E6B42B971844001B0BE0 /* MainViewController.swift in Sources */,
				D07F1EB02BB74F0B00ACDE77 /* OpenFoodAPI.swift in Sources */,
				D07F1F5D2BBBA8F100ACDE77 /* ImageFileManager.swift in Sources */,
				D08ACE042BA45064005D8110 /* FoodUnit.swift in Sources */,
				D08ACE0C2BA4A4F8005D8110 /* Font.swift in Sources */,
				D00A4DA42BB323530021E800 /* UIImage+extension.swift in Sources */,
				D069E6B02B971844001B0BE0 /* AppDelegate.swift in Sources */,
				D08ACE182BA7F0B8005D8110 /* FoodDetailViewController.swift in Sources */,
				D08ACE232BAD7DEA005D8110 /* StorageListTableViewController.swift in Sources */,
				D069E6B22B971844001B0BE0 /* SceneDelegate.swift in Sources */,
				D07F1F5F2BBBEEB900ACDE77 /* FoodDetailPageMode.swift in Sources */,
				D07F1EB52BB753D900ACDE77 /* Bundle.swift in Sources */,
				D08ACE122BA4B06D005D8110 /* StorageType.swift in Sources */,
				D08ACE002BA44E59005D8110 /* FoodData.swift in Sources */,
				D08ACE022BA44E90005D8110 /* FoodGroup.swift in Sources */,
				D08ACE062BA49F18005D8110 /* FoodCell.swift in Sources */,
				D08ACE302BB17F47005D8110 /* CoreDataManager.swift in Sources */,
				D08ACE1A2BAC77A8005D8110 /* ListSortType.swift in Sources */,
				D08ACE252BB0552A005D8110 /* PickerPopupViewController.swift in Sources */,
				D00A4DA62BB7358E0021E800 /* BarcodeReaderViewController.swift in Sources */,
				D069E6E62B971EEF001B0BE0 /* Honnaeng.xcdatamodeld in Sources */,
				D07F1F582BBBA3B300ACDE77 /* StorageMO+CoreDataClass.swift in Sources */,
				D07F1F592BBBA3B300ACDE77 /* StorageMO+CoreDataProperties.swift in Sources */,
				D07F1F5A2BBBA3B300ACDE77 /* FoodMO+CoreDataClass.swift in Sources */,
				D07F1F5B2BBBA3B300ACDE77 /* FoodMO+CoreDataProperties.swift in Sources */,
				D08ACE142BA7E66E005D8110 /* MainViewModel.swift in Sources */,
			);
			runOnlyForDeploymentPostprocessing = 0;
		};
		D069E6C12B971847001B0BE0 /* Sources */ = {
			isa = PBXSourcesBuildPhase;
			buildActionMask = 2147483647;
			files = (
				D069E6CA2B971847001B0BE0 /* HonnaengTests.swift in Sources */,
			);
			runOnlyForDeploymentPostprocessing = 0;
		};
		D069E6CB2B971847001B0BE0 /* Sources */ = {
			isa = PBXSourcesBuildPhase;
			buildActionMask = 2147483647;
			files = (
				D069E6D62B971847001B0BE0 /* HonnaengUITestsLaunchTests.swift in Sources */,
				D069E6D42B971847001B0BE0 /* HonnaengUITests.swift in Sources */,
			);
			runOnlyForDeploymentPostprocessing = 0;
		};
/* End PBXSourcesBuildPhase section */

/* Begin PBXTargetDependency section */
		D069E6C72B971847001B0BE0 /* PBXTargetDependency */ = {
			isa = PBXTargetDependency;
			target = D069E6AB2B971844001B0BE0 /* Honnaeng */;
			targetProxy = D069E6C62B971847001B0BE0 /* PBXContainerItemProxy */;
		};
		D069E6D12B971847001B0BE0 /* PBXTargetDependency */ = {
			isa = PBXTargetDependency;
			target = D069E6AB2B971844001B0BE0 /* Honnaeng */;
			targetProxy = D069E6D02B971847001B0BE0 /* PBXContainerItemProxy */;
		};
/* End PBXTargetDependency section */

/* Begin XCBuildConfiguration section */
		D069E6D72B971847001B0BE0 /* Debug */ = {
			isa = XCBuildConfiguration;
			buildSettings = {
				ALWAYS_SEARCH_USER_PATHS = NO;
				CLANG_ANALYZER_NONNULL = YES;
				CLANG_ANALYZER_NUMBER_OBJECT_CONVERSION = YES_AGGRESSIVE;
				CLANG_CXX_LANGUAGE_STANDARD = "gnu++20";
				CLANG_ENABLE_MODULES = YES;
				CLANG_ENABLE_OBJC_ARC = YES;
				CLANG_ENABLE_OBJC_WEAK = YES;
				CLANG_WARN_BLOCK_CAPTURE_AUTORELEASING = YES;
				CLANG_WARN_BOOL_CONVERSION = YES;
				CLANG_WARN_COMMA = YES;
				CLANG_WARN_CONSTANT_CONVERSION = YES;
				CLANG_WARN_DEPRECATED_OBJC_IMPLEMENTATIONS = YES;
				CLANG_WARN_DIRECT_OBJC_ISA_USAGE = YES_ERROR;
				CLANG_WARN_DOCUMENTATION_COMMENTS = YES;
				CLANG_WARN_EMPTY_BODY = YES;
				CLANG_WARN_ENUM_CONVERSION = YES;
				CLANG_WARN_INFINITE_RECURSION = YES;
				CLANG_WARN_INT_CONVERSION = YES;
				CLANG_WARN_NON_LITERAL_NULL_CONVERSION = YES;
				CLANG_WARN_OBJC_IMPLICIT_RETAIN_SELF = YES;
				CLANG_WARN_OBJC_LITERAL_CONVERSION = YES;
				CLANG_WARN_OBJC_ROOT_CLASS = YES_ERROR;
				CLANG_WARN_QUOTED_INCLUDE_IN_FRAMEWORK_HEADER = YES;
				CLANG_WARN_RANGE_LOOP_ANALYSIS = YES;
				CLANG_WARN_STRICT_PROTOTYPES = YES;
				CLANG_WARN_SUSPICIOUS_MOVE = YES;
				CLANG_WARN_UNGUARDED_AVAILABILITY = YES_AGGRESSIVE;
				CLANG_WARN_UNREACHABLE_CODE = YES;
				CLANG_WARN__DUPLICATE_METHOD_MATCH = YES;
				COPY_PHASE_STRIP = NO;
				DEBUG_INFORMATION_FORMAT = dwarf;
				ENABLE_STRICT_OBJC_MSGSEND = YES;
				ENABLE_TESTABILITY = YES;
				GCC_C_LANGUAGE_STANDARD = gnu11;
				GCC_DYNAMIC_NO_PIC = NO;
				GCC_NO_COMMON_BLOCKS = YES;
				GCC_OPTIMIZATION_LEVEL = 0;
				GCC_PREPROCESSOR_DEFINITIONS = (
					"DEBUG=1",
					"$(inherited)",
				);
				GCC_WARN_64_TO_32_BIT_CONVERSION = YES;
				GCC_WARN_ABOUT_RETURN_TYPE = YES_ERROR;
				GCC_WARN_UNDECLARED_SELECTOR = YES;
				GCC_WARN_UNINITIALIZED_AUTOS = YES_AGGRESSIVE;
				GCC_WARN_UNUSED_FUNCTION = YES;
				GCC_WARN_UNUSED_VARIABLE = YES;
				IPHONEOS_DEPLOYMENT_TARGET = 16.0;
				MTL_ENABLE_DEBUG_INFO = INCLUDE_SOURCE;
				MTL_FAST_MATH = YES;
				ONLY_ACTIVE_ARCH = YES;
				SDKROOT = iphoneos;
				SWIFT_ACTIVE_COMPILATION_CONDITIONS = DEBUG;
				SWIFT_OPTIMIZATION_LEVEL = "-Onone";
			};
			name = Debug;
		};
		D069E6D82B971847001B0BE0 /* Release */ = {
			isa = XCBuildConfiguration;
			buildSettings = {
				ALWAYS_SEARCH_USER_PATHS = NO;
				CLANG_ANALYZER_NONNULL = YES;
				CLANG_ANALYZER_NUMBER_OBJECT_CONVERSION = YES_AGGRESSIVE;
				CLANG_CXX_LANGUAGE_STANDARD = "gnu++20";
				CLANG_ENABLE_MODULES = YES;
				CLANG_ENABLE_OBJC_ARC = YES;
				CLANG_ENABLE_OBJC_WEAK = YES;
				CLANG_WARN_BLOCK_CAPTURE_AUTORELEASING = YES;
				CLANG_WARN_BOOL_CONVERSION = YES;
				CLANG_WARN_COMMA = YES;
				CLANG_WARN_CONSTANT_CONVERSION = YES;
				CLANG_WARN_DEPRECATED_OBJC_IMPLEMENTATIONS = YES;
				CLANG_WARN_DIRECT_OBJC_ISA_USAGE = YES_ERROR;
				CLANG_WARN_DOCUMENTATION_COMMENTS = YES;
				CLANG_WARN_EMPTY_BODY = YES;
				CLANG_WARN_ENUM_CONVERSION = YES;
				CLANG_WARN_INFINITE_RECURSION = YES;
				CLANG_WARN_INT_CONVERSION = YES;
				CLANG_WARN_NON_LITERAL_NULL_CONVERSION = YES;
				CLANG_WARN_OBJC_IMPLICIT_RETAIN_SELF = YES;
				CLANG_WARN_OBJC_LITERAL_CONVERSION = YES;
				CLANG_WARN_OBJC_ROOT_CLASS = YES_ERROR;
				CLANG_WARN_QUOTED_INCLUDE_IN_FRAMEWORK_HEADER = YES;
				CLANG_WARN_RANGE_LOOP_ANALYSIS = YES;
				CLANG_WARN_STRICT_PROTOTYPES = YES;
				CLANG_WARN_SUSPICIOUS_MOVE = YES;
				CLANG_WARN_UNGUARDED_AVAILABILITY = YES_AGGRESSIVE;
				CLANG_WARN_UNREACHABLE_CODE = YES;
				CLANG_WARN__DUPLICATE_METHOD_MATCH = YES;
				COPY_PHASE_STRIP = NO;
				DEBUG_INFORMATION_FORMAT = "dwarf-with-dsym";
				ENABLE_NS_ASSERTIONS = NO;
				ENABLE_STRICT_OBJC_MSGSEND = YES;
				GCC_C_LANGUAGE_STANDARD = gnu11;
				GCC_NO_COMMON_BLOCKS = YES;
				GCC_WARN_64_TO_32_BIT_CONVERSION = YES;
				GCC_WARN_ABOUT_RETURN_TYPE = YES_ERROR;
				GCC_WARN_UNDECLARED_SELECTOR = YES;
				GCC_WARN_UNINITIALIZED_AUTOS = YES_AGGRESSIVE;
				GCC_WARN_UNUSED_FUNCTION = YES;
				GCC_WARN_UNUSED_VARIABLE = YES;
				IPHONEOS_DEPLOYMENT_TARGET = 16.0;
				MTL_ENABLE_DEBUG_INFO = NO;
				MTL_FAST_MATH = YES;
				SDKROOT = iphoneos;
				SWIFT_COMPILATION_MODE = wholemodule;
				SWIFT_OPTIMIZATION_LEVEL = "-O";
				VALIDATE_PRODUCT = YES;
			};
			name = Release;
		};
		D069E6DA2B971847001B0BE0 /* Debug */ = {
			isa = XCBuildConfiguration;
			baseConfigurationReference = D07F1EB12BB7526D00ACDE77 /* Secrets.xcconfig */;
			buildSettings = {
				ASSETCATALOG_COMPILER_APPICON_NAME = AppIcon;
				ASSETCATALOG_COMPILER_GLOBAL_ACCENT_COLOR_NAME = AccentColor;
				CODE_SIGN_STYLE = Automatic;
				CURRENT_PROJECT_VERSION = 1;
				DEVELOPMENT_TEAM = JPCDXBVSAH;
				GENERATE_INFOPLIST_FILE = YES;
				INFOPLIST_FILE = Honnaeng/Resource/Info.plist;
				INFOPLIST_KEY_CFBundleDisplayName = "혼냉";
				INFOPLIST_KEY_LSApplicationCategoryType = "public.app-category.lifestyle";
				INFOPLIST_KEY_UIApplicationSupportsIndirectInputEvents = YES;
				INFOPLIST_KEY_UILaunchStoryboardName = "Launch Screen";
				INFOPLIST_KEY_UISupportedInterfaceOrientations = UIInterfaceOrientationPortrait;
				IPHONEOS_DEPLOYMENT_TARGET = 16.0;
				LD_RUNPATH_SEARCH_PATHS = (
					"$(inherited)",
					"@executable_path/Frameworks",
				);
				MARKETING_VERSION = 1.0;
				PRODUCT_BUNDLE_IDENTIFIER = com.rarla.Honnaeng;
				PRODUCT_NAME = "$(TARGET_NAME)";
				SWIFT_EMIT_LOC_STRINGS = YES;
				SWIFT_VERSION = 5.0;
				TARGETED_DEVICE_FAMILY = "1,2";
			};
			name = Debug;
		};
		D069E6DB2B971847001B0BE0 /* Release */ = {
			isa = XCBuildConfiguration;
			baseConfigurationReference = D07F1EB12BB7526D00ACDE77 /* Secrets.xcconfig */;
			buildSettings = {
				ASSETCATALOG_COMPILER_APPICON_NAME = AppIcon;
				ASSETCATALOG_COMPILER_GLOBAL_ACCENT_COLOR_NAME = AccentColor;
				CODE_SIGN_STYLE = Automatic;
				CURRENT_PROJECT_VERSION = 1;
				DEVELOPMENT_TEAM = JPCDXBVSAH;
				GENERATE_INFOPLIST_FILE = YES;
				INFOPLIST_FILE = Honnaeng/Resource/Info.plist;
				INFOPLIST_KEY_CFBundleDisplayName = "혼냉";
				INFOPLIST_KEY_LSApplicationCategoryType = "public.app-category.lifestyle";
				INFOPLIST_KEY_UIApplicationSupportsIndirectInputEvents = YES;
				INFOPLIST_KEY_UILaunchStoryboardName = "Launch Screen";
				INFOPLIST_KEY_UISupportedInterfaceOrientations = UIInterfaceOrientationPortrait;
				IPHONEOS_DEPLOYMENT_TARGET = 16.0;
				LD_RUNPATH_SEARCH_PATHS = (
					"$(inherited)",
					"@executable_path/Frameworks",
				);
				MARKETING_VERSION = 1.0;
				PRODUCT_BUNDLE_IDENTIFIER = com.rarla.Honnaeng;
				PRODUCT_NAME = "$(TARGET_NAME)";
				SWIFT_EMIT_LOC_STRINGS = YES;
				SWIFT_VERSION = 5.0;
				TARGETED_DEVICE_FAMILY = "1,2";
			};
			name = Release;
		};
		D069E6DD2B971847001B0BE0 /* Debug */ = {
			isa = XCBuildConfiguration;
			buildSettings = {
				ALWAYS_EMBED_SWIFT_STANDARD_LIBRARIES = YES;
				BUNDLE_LOADER = "$(TEST_HOST)";
				CODE_SIGN_STYLE = Automatic;
				CURRENT_PROJECT_VERSION = 1;
				DEVELOPMENT_TEAM = JPCDXBVSAH;
				GENERATE_INFOPLIST_FILE = YES;
				IPHONEOS_DEPLOYMENT_TARGET = 16.4;
				MARKETING_VERSION = 1.0;
				PRODUCT_BUNDLE_IDENTIFIER = com.rarla.HonnaengTests;
				PRODUCT_NAME = "$(TARGET_NAME)";
				SWIFT_EMIT_LOC_STRINGS = NO;
				SWIFT_VERSION = 5.0;
				TARGETED_DEVICE_FAMILY = "1,2";
				TEST_HOST = "$(BUILT_PRODUCTS_DIR)/Honnaeng.app/$(BUNDLE_EXECUTABLE_FOLDER_PATH)/Honnaeng";
			};
			name = Debug;
		};
		D069E6DE2B971847001B0BE0 /* Release */ = {
			isa = XCBuildConfiguration;
			buildSettings = {
				ALWAYS_EMBED_SWIFT_STANDARD_LIBRARIES = YES;
				BUNDLE_LOADER = "$(TEST_HOST)";
				CODE_SIGN_STYLE = Automatic;
				CURRENT_PROJECT_VERSION = 1;
				DEVELOPMENT_TEAM = JPCDXBVSAH;
				GENERATE_INFOPLIST_FILE = YES;
				IPHONEOS_DEPLOYMENT_TARGET = 16.4;
				MARKETING_VERSION = 1.0;
				PRODUCT_BUNDLE_IDENTIFIER = com.rarla.HonnaengTests;
				PRODUCT_NAME = "$(TARGET_NAME)";
				SWIFT_EMIT_LOC_STRINGS = NO;
				SWIFT_VERSION = 5.0;
				TARGETED_DEVICE_FAMILY = "1,2";
				TEST_HOST = "$(BUILT_PRODUCTS_DIR)/Honnaeng.app/$(BUNDLE_EXECUTABLE_FOLDER_PATH)/Honnaeng";
			};
			name = Release;
		};
		D069E6E02B971847001B0BE0 /* Debug */ = {
			isa = XCBuildConfiguration;
			buildSettings = {
				ALWAYS_EMBED_SWIFT_STANDARD_LIBRARIES = YES;
				CODE_SIGN_STYLE = Automatic;
				CURRENT_PROJECT_VERSION = 1;
				DEVELOPMENT_TEAM = JPCDXBVSAH;
				GENERATE_INFOPLIST_FILE = YES;
				MARKETING_VERSION = 1.0;
				PRODUCT_BUNDLE_IDENTIFIER = com.rarla.HonnaengUITests;
				PRODUCT_NAME = "$(TARGET_NAME)";
				SWIFT_EMIT_LOC_STRINGS = NO;
				SWIFT_VERSION = 5.0;
				TARGETED_DEVICE_FAMILY = "1,2";
				TEST_TARGET_NAME = Honnaeng;
			};
			name = Debug;
		};
		D069E6E12B971847001B0BE0 /* Release */ = {
			isa = XCBuildConfiguration;
			buildSettings = {
				ALWAYS_EMBED_SWIFT_STANDARD_LIBRARIES = YES;
				CODE_SIGN_STYLE = Automatic;
				CURRENT_PROJECT_VERSION = 1;
				DEVELOPMENT_TEAM = JPCDXBVSAH;
				GENERATE_INFOPLIST_FILE = YES;
				MARKETING_VERSION = 1.0;
				PRODUCT_BUNDLE_IDENTIFIER = com.rarla.HonnaengUITests;
				PRODUCT_NAME = "$(TARGET_NAME)";
				SWIFT_EMIT_LOC_STRINGS = NO;
				SWIFT_VERSION = 5.0;
				TARGETED_DEVICE_FAMILY = "1,2";
				TEST_TARGET_NAME = Honnaeng;
			};
			name = Release;
		};
/* End XCBuildConfiguration section */

/* Begin XCConfigurationList section */
		D069E6A72B971844001B0BE0 /* Build configuration list for PBXProject "Honnaeng" */ = {
			isa = XCConfigurationList;
			buildConfigurations = (
				D069E6D72B971847001B0BE0 /* Debug */,
				D069E6D82B971847001B0BE0 /* Release */,
			);
			defaultConfigurationIsVisible = 0;
			defaultConfigurationName = Release;
		};
		D069E6D92B971847001B0BE0 /* Build configuration list for PBXNativeTarget "Honnaeng" */ = {
			isa = XCConfigurationList;
			buildConfigurations = (
				D069E6DA2B971847001B0BE0 /* Debug */,
				D069E6DB2B971847001B0BE0 /* Release */,
			);
			defaultConfigurationIsVisible = 0;
			defaultConfigurationName = Release;
		};
		D069E6DC2B971847001B0BE0 /* Build configuration list for PBXNativeTarget "HonnaengTests" */ = {
			isa = XCConfigurationList;
			buildConfigurations = (
				D069E6DD2B971847001B0BE0 /* Debug */,
				D069E6DE2B971847001B0BE0 /* Release */,
			);
			defaultConfigurationIsVisible = 0;
			defaultConfigurationName = Release;
		};
		D069E6DF2B971847001B0BE0 /* Build configuration list for PBXNativeTarget "HonnaengUITests" */ = {
			isa = XCConfigurationList;
			buildConfigurations = (
				D069E6E02B971847001B0BE0 /* Debug */,
				D069E6E12B971847001B0BE0 /* Release */,
			);
			defaultConfigurationIsVisible = 0;
			defaultConfigurationName = Release;
		};
/* End XCConfigurationList section */

/* Begin XCVersionGroup section */
		D069E6E42B971EEF001B0BE0 /* Honnaeng.xcdatamodeld */ = {
			isa = XCVersionGroup;
			children = (
				D069E6E52B971EEF001B0BE0 /* Honnaeng.xcdatamodel */,
			);
			currentVersion = D069E6E52B971EEF001B0BE0 /* Honnaeng.xcdatamodel */;
			path = Honnaeng.xcdatamodeld;
			sourceTree = "<group>";
			versionGroupType = wrapper.xcdatamodel;
		};
/* End XCVersionGroup section */
	};
	rootObject = D069E6A42B971844001B0BE0 /* Project object */;
}
